
Microsoft Visual Studio Solution File, Format Version 12.00
# Visual Studio Version 17
VisualStudioVersion = 17.7.34221.43
MinimumVisualStudioVersion = 10.0.40219.1
Project("{FAE04EC0-301F-11D3-BF4B-00C04F79EFBC}") = "NoteBook", "NoteBook\NoteBook.csproj", "{70481AAE-C795-429D-B5E6-21DF4143AA90}"
EndProject
Global
	GlobalSection(SolutionConfigurationPlatforms) = preSolution
		Debug|Any CPU = Debug|Any CPU
		Release|Any CPU = Release|Any CPU
	EndGlobalSection
	GlobalSection(ProjectConfigurationPlatforms) = postSolution
		{70481AAE-C795-429D-B5E6-21DF4143AA90}.Debug|Any CPU.ActiveCfg = Debug|Any CPU
		{70481AAE-C795-429D-B5E6-21DF4143AA90}.Debug|Any CPU.Build.0 = Debug|Any CPU
		{70481AAE-C795-429D-B5E6-21DF4143AA90}.Release|Any CPU.ActiveCfg = Release|Any CPU
		{70481AAE-C795-429D-B5E6-21DF4143AA90}.Release|Any CPU.Build.0 = Release|Any CPU
	EndGlobalSection
	GlobalSection(SolutionProperties) = preSolution
		HideSolutionNode = FALSE
	EndGlobalSection
	GlobalSection(ExtensibilityGlobals) = postSolution
		SolutionGuid = {545C3C96-6556-492C-B86C-3B28260175A4}
	EndGlobalSection
EndGlobal
